# This file is automatically @generated by Cargo.
# It is not intended for manual editing.
version = 3

[[package]]
name = "always-success"
version = "0.1.0"
dependencies = [
 "ckb-std",
]

[[package]]
name = "blake2b-ref"
version = "0.3.1"
source = "registry+https://github.com/rust-lang/crates.io-index"
checksum = "294d17c72e0ba59fad763caa112368d0672083779cdebbb97164f4bb4c1e339a"

[[package]]
name = "blake2b-rs"
version = "0.1.5"
source = "registry+https://github.com/rust-lang/crates.io-index"
checksum = "6e35e362830ef90ecea16f09b21b75d22d33a8562a679c74ab4f4fa49b4fcb87"
dependencies = [
 "cc",
]

[[package]]
name = "block-buffer"
version = "0.10.0"
source = "registry+https://github.com/rust-lang/crates.io-index"
checksum = "f1d36a02058e76b040de25a4464ba1c80935655595b661505c8b39b664828b95"
dependencies = [
 "generic-array",
]

[[package]]
name = "buddy-alloc"
version = "0.4.1"
source = "registry+https://github.com/rust-lang/crates.io-index"
checksum = "8ff9f338986406db85e2b5deb40a9255b796ca03a194c7457403d215173f3fd5"

[[package]]
name = "byteorder"
version = "1.4.3"
source = "registry+https://github.com/rust-lang/crates.io-index"
checksum = "14c189c53d098945499cdfa7ecc63567cf3886b3332b312a5b4585d8d3a6a610"

[[package]]
name = "bytes"
version = "1.1.0"
source = "registry+https://github.com/rust-lang/crates.io-index"
checksum = "c4872d67bab6358e59559027aa3b9157c53d9358c51423c17554809a8858e0f8"

[[package]]
name = "cc"
version = "1.0.72"
source = "registry+https://github.com/rust-lang/crates.io-index"
checksum = "22a9137b95ea06864e018375b72adfb7db6e6f68cfc8df5a04d00288050485ee"

[[package]]
name = "cfg-if"
version = "0.1.10"
source = "registry+https://github.com/rust-lang/crates.io-index"
checksum = "4785bdd1c96b2a846b2bd7cc02e86b6b3dbf14e7e53446c4f54c92a361040822"

[[package]]
name = "cfg-if"
version = "1.0.0"
source = "registry+https://github.com/rust-lang/crates.io-index"
checksum = "baf1de4339761588bc0619e3cbc0120ee582ebb74b53b4efbf79117bd2da40fd"

[[package]]
name = "challenge-lock"
version = "0.1.0"
dependencies = [
 "ethabi",
 "gw-state",
 "gw-utils",
 "rlp",
 "sha3",
]

[[package]]
name = "ckb-smt"
version = "0.1.0"
dependencies = [
 "cc",
 "cty",
]

[[package]]
name = "ckb-standalone-types"
version = "0.1.2"
source = "registry+https://github.com/rust-lang/crates.io-index"
checksum = "22d7cbbdab96e6b809a102cf88bfec28795a0a3c06bfdea4abe4de89777801cd"
dependencies = [
 "cfg-if 1.0.0",
 "molecule",
]

[[package]]
name = "ckb-std"
version = "0.10.0"
source = "registry+https://github.com/rust-lang/crates.io-index"
checksum = "47a6ad40455c446ad6fbb303dae24827fc309f43558f59d1f1b863a9de3e9f81"
dependencies = [
 "buddy-alloc",
 "cc",
 "ckb-standalone-types",
 "cstr_core",
]

[[package]]
name = "crunchy"
version = "0.2.2"
source = "registry+https://github.com/rust-lang/crates.io-index"
checksum = "7a81dae078cea95a014a339291cec439d2f232ebe854a9d672b796c6afafa9b7"

[[package]]
name = "crypto-common"
version = "0.1.1"
source = "registry+https://github.com/rust-lang/crates.io-index"
checksum = "683d6b536309245c849479fba3da410962a43ed8e51c26b729208ec0ac2798d0"
dependencies = [
 "generic-array",
]

[[package]]
name = "cstr_core"
version = "0.2.5"
source = "registry+https://github.com/rust-lang/crates.io-index"
checksum = "644828c273c063ab0d39486ba42a5d1f3a499d35529c759e763a9c6cb8a0fb08"
dependencies = [
 "cty",
 "memchr",
]

[[package]]
name = "cty"
version = "0.2.2"
source = "registry+https://github.com/rust-lang/crates.io-index"
checksum = "b365fabc795046672053e29c954733ec3b05e4be654ab130fe8f1f94d7051f35"

[[package]]
name = "custodian-lock"
version = "0.1.0"
dependencies = [
 "gw-utils",
]

[[package]]
name = "deposit-lock"
version = "0.1.0"
dependencies = [
 "blake2b-rs",
 "gw-utils",
]

[[package]]
name = "digest"
version = "0.10.1"
source = "registry+https://github.com/rust-lang/crates.io-index"
checksum = "b697d66081d42af4fba142d56918a3cb21dc8eb63372c6b85d14f44fb9c5979b"
dependencies = [
 "block-buffer",
 "crypto-common",
 "generic-array",
]

[[package]]
name = "eth-account-lock"
version = "0.1.0"
dependencies = [
 "gw-utils",
 "sha3",
]

[[package]]
name = "ethabi"
version = "18.0.0"
source = "registry+https://github.com/rust-lang/crates.io-index"
checksum = "7413c5f74cc903ea37386a8965a936cbeb334bd270862fdece542c1b2dcbc898"
dependencies = [
 "ethereum-types",
 "hex",
 "sha3",
]

[[package]]
name = "ethereum-types"
version = "0.14.1"
source = "registry+https://github.com/rust-lang/crates.io-index"
checksum = "02d215cbf040552efcbe99a38372fe80ab9d00268e20012b79fcd0f073edd8ee"
dependencies = [
 "fixed-hash",
 "primitive-types",
 "uint",
]

[[package]]
name = "fixed-hash"
version = "0.8.0"
source = "registry+https://github.com/rust-lang/crates.io-index"
checksum = "835c052cb0c08c1acf6ffd71c022172e18723949c8282f2b9f27efbc51e64534"
dependencies = [
 "byteorder",
 "rustc-hex",
 "static_assertions",
]

[[package]]
name = "generic-array"
version = "0.14.5"
source = "registry+https://github.com/rust-lang/crates.io-index"
checksum = "fd48d33ec7f05fbfa152300fdad764757cbded343c1aa1cff2fbaf4134851803"
dependencies = [
 "typenum",
 "version_check",
]

[[package]]
name = "gw-common"
version = "1.8.0-rc1"
dependencies = [
 "cfg-if 0.1.10",
 "gw-hash",
 "gw-types",
 "merkle-cbt",
]

[[package]]
name = "gw-hash"
version = "1.8.0-rc1"
dependencies = [
 "blake2b-ref",
]

[[package]]
name = "gw-state"
version = "0.1.0"
dependencies = [
 "ckb-smt",
 "gw-utils",
]

[[package]]
name = "gw-types"
version = "1.8.0-rc1"
dependencies = [
 "cfg-if 0.1.10",
 "gw-hash",
 "molecule",
 "primitive-types",
]

[[package]]
name = "gw-utils"
version = "0.1.0"
dependencies = [
 "ckb-std",
 "gw-common",
 "gw-types",
]

[[package]]
name = "hex"
version = "0.4.3"
source = "registry+https://github.com/rust-lang/crates.io-index"
checksum = "7f24254aa9a54b5c858eaee2f5bccdb46aaf0e486a595ed5fd8f86ba55232a70"

[[package]]
name = "impl-rlp"
version = "0.3.0"
source = "registry+https://github.com/rust-lang/crates.io-index"
checksum = "f28220f89297a075ddc7245cd538076ee98b01f2a9c23a53a4f1105d5a322808"
dependencies = [
 "rlp",
]

[[package]]
name = "impl-serde"
version = "0.4.0"
source = "registry+https://github.com/rust-lang/crates.io-index"
checksum = "ebc88fc67028ae3db0c853baa36269d398d5f45b6982f95549ff5def78c935cd"
dependencies = [
 "serde",
]

[[package]]
name = "keccak"
version = "0.1.0"
source = "registry+https://github.com/rust-lang/crates.io-index"
checksum = "67c21572b4949434e4fc1e1978b99c5f77064153c59d998bf13ecd96fb5ecba7"

[[package]]
name = "memchr"
version = "2.4.1"
source = "registry+https://github.com/rust-lang/crates.io-index"
checksum = "308cc39be01b73d0d18f82a0e7b2a3df85245f84af96fdddc5d202d27e47b86a"

[[package]]
name = "merkle-cbt"
version = "0.3.0"
source = "registry+https://github.com/rust-lang/crates.io-index"
checksum = "6f1ac8428ec02d6caa5a79c15e851d84d5dc7a00df0429a8aa860d104f0a81be"
dependencies = [
 "cfg-if 0.1.10",
]

[[package]]
name = "molecule"
version = "0.7.3"
source = "registry+https://github.com/rust-lang/crates.io-index"
checksum = "edc8276c02a006bddad7d1c28c1a88f30421e1b5f0ba0ca96ceb8077c7d20c01"
dependencies = [
 "cfg-if 1.0.0",
]

[[package]]
name = "primitive-types"
version = "0.12.1"
source = "registry+https://github.com/rust-lang/crates.io-index"
checksum = "9f3486ccba82358b11a77516035647c34ba167dfa53312630de83b12bd4f3d66"
dependencies = [
 "fixed-hash",
 "impl-rlp",
 "impl-serde",
 "uint",
]

[[package]]
name = "rlp"
version = "0.5.1"
source = "registry+https://github.com/rust-lang/crates.io-index"
checksum = "999508abb0ae792aabed2460c45b89106d97fe4adac593bdaef433c2605847b5"
dependencies = [
 "bytes",
 "rustc-hex",
]

[[package]]
name = "rustc-hex"
version = "2.1.0"
source = "registry+https://github.com/rust-lang/crates.io-index"
checksum = "3e75f6a532d0fd9f7f13144f392b6ad56a32696bfcd9c78f797f16bbb6f072d6"

[[package]]
name = "serde"
version = "1.0.136"
source = "registry+https://github.com/rust-lang/crates.io-index"
checksum = "ce31e24b01e1e524df96f1c2fdd054405f8d7376249a5110886fb4b658484789"

[[package]]
name = "sha3"
version = "0.10.0"
source = "registry+https://github.com/rust-lang/crates.io-index"
checksum = "31f935e31cf406e8c0e96c2815a5516181b7004ae8c5f296293221e9b1e356bd"
dependencies = [
 "digest",
 "keccak",
]

[[package]]
name = "stake-lock"
version = "0.1.0"
dependencies = [
 "gw-utils",
]

[[package]]
name = "state-validator"
version = "0.1.0"
dependencies = [
 "ckb-smt",
 "gw-state",
 "gw-utils",
]

[[package]]
name = "static_assertions"
version = "1.1.0"
source = "registry+https://github.com/rust-lang/crates.io-index"
checksum = "a2eb9349b6444b326872e140eb1cf5e7c522154d69e7a0ffb0fb81c06b37543f"

[[package]]
name = "typenum"
version = "1.15.0"
source = "registry+https://github.com/rust-lang/crates.io-index"
checksum = "dcf81ac59edc17cc8697ff311e8f5ef2d99fcbd9817b34cec66f90b6c3dfd987"

[[package]]
name = "uint"
version = "0.9.1"
source = "registry+https://github.com/rust-lang/crates.io-index"
checksum = "6470ab50f482bde894a037a57064480a246dbfdd5960bd65a44824693f08da5f"
dependencies = [
 "byteorder",
 "crunchy",
 "hex",
 "static_assertions",
]

[[package]]
name = "version_check"
version = "0.9.4"
source = "registry+https://github.com/rust-lang/crates.io-index"
checksum = "49874b5167b65d7193b8aba1567f5c7d93d001cafc34600cee003eda787e483f"

[[package]]
name = "withdrawal-lock"
version = "0.1.0"
dependencies = [
 "gw-utils",
]
