# This file is automatically @generated by Cargo.
# It is not intended for manual editing.
[[package]]
name = "buddy-alloc"
version = "0.3.0"
source = "registry+https://github.com/rust-lang/crates.io-index"
checksum = "efba9eaa9fdf9fddf408904e3dc3dc414411053ef48c06edd3aac53d2d919e0e"

[[package]]
name = "cc"
version = "1.0.59"
source = "registry+https://github.com/rust-lang/crates.io-index"
checksum = "66120af515773fb005778dc07c261bd201ec8ce50bd6e7144c927753fe013381"

[[package]]
name = "cfg-if"
version = "0.1.10"
source = "registry+https://github.com/rust-lang/crates.io-index"
checksum = "4785bdd1c96b2a846b2bd7cc02e86b6b3dbf14e7e53446c4f54c92a361040822"

[[package]]
name = "ckb-allocator"
version = "0.1.1"
source = "registry+https://github.com/rust-lang/crates.io-index"
checksum = "572ce0405d93e105d547f6d362c70c4b744e5e0984f9b9877c81afd070c8e2cc"
dependencies = [
 "buddy-alloc",
]

[[package]]
name = "ckb-standalone-types"
version = "0.0.1-pre.1"
source = "registry+https://github.com/rust-lang/crates.io-index"
checksum = "af2cdbdf65ee5b1da71504f5a03d6984bce77d0b4b46daff63f4ba4a3b0eef08"
dependencies = [
 "cfg-if",
 "molecule",
]

[[package]]
name = "ckb-std"
version = "0.6.1"
source = "registry+https://github.com/rust-lang/crates.io-index"
checksum = "2cdad87cb46866f75bd3c4ef26844a84cc2513365f256ed0dd4d1ee58cfb6cd4"
dependencies = [
 "cc",
 "ckb-allocator",
 "ckb-standalone-types",
]

[[package]]
name = "molecule"
version = "0.6.1"
source = "registry+https://github.com/rust-lang/crates.io-index"
checksum = "3067ceba3d7f5dcc7427cfc584fc506e756f1161151032fec840455f5a3c2fd5"
dependencies = [
 "cfg-if",
]

[[package]]
name = "state-validator"
version = "0.1.0"
dependencies = [
 "ckb-std",
]
