# This file is automatically @generated by Cargo.
# It is not intended for manual editing.
[[package]]
name = "blake2b-ref"
version = "0.2.0"
source = "registry+https://github.com/rust-lang/crates.io-index"
checksum = "3c56ea40392c4cf5b8ea0e4f7aa080c3676f60df8dd12350c94750d33aa5fa74"

[[package]]
name = "blake2b-rs"
version = "0.1.5"
source = "registry+https://github.com/rust-lang/crates.io-index"
checksum = "6e35e362830ef90ecea16f09b21b75d22d33a8562a679c74ab4f4fa49b4fcb87"
dependencies = [
 "cc",
]

[[package]]
name = "buddy-alloc"
version = "0.3.0"
source = "registry+https://github.com/rust-lang/crates.io-index"
checksum = "efba9eaa9fdf9fddf408904e3dc3dc414411053ef48c06edd3aac53d2d919e0e"

[[package]]
name = "cc"
version = "1.0.60"
source = "registry+https://github.com/rust-lang/crates.io-index"
checksum = "ef611cc68ff783f18535d77ddd080185275713d852c4f5cbb6122c462a7a825c"

[[package]]
name = "cfg-if"
version = "0.1.10"
source = "registry+https://github.com/rust-lang/crates.io-index"
checksum = "4785bdd1c96b2a846b2bd7cc02e86b6b3dbf14e7e53446c4f54c92a361040822"

[[package]]
name = "ckb-allocator"
version = "0.1.1"
source = "registry+https://github.com/rust-lang/crates.io-index"
checksum = "572ce0405d93e105d547f6d362c70c4b744e5e0984f9b9877c81afd070c8e2cc"
dependencies = [
 "buddy-alloc",
]

[[package]]
name = "ckb-lib-secp256k1"
version = "0.1.0"
source = "git+https://github.com/jjyr/ckb-dynamic-loading-secp256k1.git?rev=c6fcd3c#c6fcd3cf192891472c9ee708091de7db1907ea78"
dependencies = [
 "blake2b-rs",
 "ckb-std",
]

[[package]]
name = "ckb-lib-secp256k1"
version = "0.1.0"
source = "git+https://github.com/jjyr/ckb-dynamic-loading-secp256k1.git#7f91b87902ebb9469887fa6b0eed827e6665a343"
dependencies = [
 "blake2b-rs",
 "ckb-std",
]

[[package]]
name = "ckb-standalone-types"
version = "0.0.1-pre.1"
source = "registry+https://github.com/rust-lang/crates.io-index"
checksum = "af2cdbdf65ee5b1da71504f5a03d6984bce77d0b4b46daff63f4ba4a3b0eef08"
dependencies = [
 "cfg-if",
 "molecule",
]

[[package]]
name = "ckb-std"
version = "0.6.3"
source = "registry+https://github.com/rust-lang/crates.io-index"
checksum = "f40fb1a5a0049abb71ff043629517089ef256b8e63c403b9359f73b7040ac9c6"
dependencies = [
 "cc",
 "ckb-allocator",
 "ckb-standalone-types",
]

[[package]]
name = "deposition-lock"
version = "0.1.0"
dependencies = [
 "blake2b-rs",
 "ckb-lib-secp256k1 0.1.0 (git+https://github.com/jjyr/ckb-dynamic-loading-secp256k1.git?rev=c6fcd3c)",
 "ckb-std",
 "gw-types",
]

[[package]]
name = "gw-common"
version = "0.1.0"
dependencies = [
 "blake2b-ref",
 "cfg-if",
 "sparse-merkle-tree",
]

[[package]]
name = "gw-types"
version = "0.1.0"
dependencies = [
 "cfg-if",
 "molecule",
]

[[package]]
name = "molecule"
version = "0.6.1"
source = "registry+https://github.com/rust-lang/crates.io-index"
checksum = "3067ceba3d7f5dcc7427cfc584fc506e756f1161151032fec840455f5a3c2fd5"
dependencies = [
 "cfg-if",
]

[[package]]
name = "sparse-merkle-tree"
version = "0.3.0"
source = "registry+https://github.com/rust-lang/crates.io-index"
checksum = "a16b2e41caaf184a59b8125ac45595d2a8d330e0208c52ee45d9a0a729968d06"
dependencies = [
 "cfg-if",
]

[[package]]
name = "state-validator"
version = "0.1.0"
dependencies = [
 "ckb-lib-secp256k1 0.1.0 (git+https://github.com/jjyr/ckb-dynamic-loading-secp256k1.git)",
 "ckb-std",
 "gw-common",
 "gw-types",
]
