# This file is automatically @generated by Cargo.
# It is not intended for manual editing.
[[package]]
name = "addr2line"
version = "0.14.0"
source = "registry+https://github.com/rust-lang/crates.io-index"
checksum = "7c0929d69e78dd9bf5408269919fcbcaeb2e35e5d43e5815517cdc6a8e11a423"
dependencies = [
 "gimli",
]

[[package]]
name = "adler"
version = "0.2.3"
source = "registry+https://github.com/rust-lang/crates.io-index"
checksum = "ee2a4ec343196209d6594e19543ae87a39f96d5534d7174822a3ad825dd6ed7e"

[[package]]
name = "autocfg"
version = "1.0.1"
source = "registry+https://github.com/rust-lang/crates.io-index"
checksum = "cdb031dd78e28731d87d56cc8ffef4a8f36ca26c38fe2de700543e627f8a464a"

[[package]]
name = "backtrace"
version = "0.3.55"
source = "registry+https://github.com/rust-lang/crates.io-index"
checksum = "ef5140344c85b01f9bbb4d4b7288a8aa4b3287ccef913a14bcc78a1063623598"
dependencies = [
 "addr2line",
 "cfg-if 1.0.0",
 "libc",
 "miniz_oxide",
 "object",
 "rustc-demangle",
]

[[package]]
name = "blake2b-ref"
version = "0.2.1"
source = "registry+https://github.com/rust-lang/crates.io-index"
checksum = "95916998c798756098a4eb1b3f2cd510659705a9817bf203d61abd30fbec3e7b"

[[package]]
name = "blake2b-rs"
version = "0.1.5"
source = "registry+https://github.com/rust-lang/crates.io-index"
checksum = "6e35e362830ef90ecea16f09b21b75d22d33a8562a679c74ab4f4fa49b4fcb87"
dependencies = [
 "cc",
]

[[package]]
name = "buddy-alloc"
version = "0.4.1"
source = "registry+https://github.com/rust-lang/crates.io-index"
checksum = "8ff9f338986406db85e2b5deb40a9255b796ca03a194c7457403d215173f3fd5"

[[package]]
name = "cc"
version = "1.0.65"
source = "registry+https://github.com/rust-lang/crates.io-index"
checksum = "95752358c8f7552394baf48cd82695b345628ad3f170d607de3ca03b8dacca15"

[[package]]
name = "cfg-if"
version = "0.1.10"
source = "registry+https://github.com/rust-lang/crates.io-index"
checksum = "4785bdd1c96b2a846b2bd7cc02e86b6b3dbf14e7e53446c4f54c92a361040822"

[[package]]
name = "cfg-if"
version = "1.0.0"
source = "registry+https://github.com/rust-lang/crates.io-index"
checksum = "baf1de4339761588bc0619e3cbc0120ee582ebb74b53b4efbf79117bd2da40fd"

[[package]]
name = "challenge-lock"
version = "0.1.0"
dependencies = [
 "gw-common",
 "gw-types",
 "validator-utils",
]

[[package]]
name = "ckb-fixed-hash"
version = "0.38.0"
source = "registry+https://github.com/rust-lang/crates.io-index"
checksum = "815e47dc312b1fea6400a7242522caaba3e8ce763c69c2a005d2783925db2480"
dependencies = [
 "ckb-fixed-hash-core",
 "ckb-fixed-hash-macros",
]

[[package]]
name = "ckb-fixed-hash-core"
version = "0.38.0"
source = "registry+https://github.com/rust-lang/crates.io-index"
checksum = "6d70f4d93b9d621f5594dd6b5b8127c48348656ee2145f13bdb38b6209fbbed3"
dependencies = [
 "failure",
 "faster-hex",
 "serde",
]

[[package]]
name = "ckb-fixed-hash-macros"
version = "0.38.0"
source = "registry+https://github.com/rust-lang/crates.io-index"
checksum = "c3320df6adf6d6f4190a176c9a49be64ddea504f78e7620d0c6960df464f8316"
dependencies = [
 "ckb-fixed-hash-core",
 "proc-macro2",
 "quote",
 "syn",
]

[[package]]
name = "ckb-lib-secp256k1"
version = "0.1.0"
source = "registry+https://github.com/rust-lang/crates.io-index"
checksum = "469bec903024855bb72cfedb9972d446dc5bdfd952f9bac85c4b8725f002b022"
dependencies = [
 "blake2b-rs",
 "ckb-std 0.7.2 (registry+https://github.com/rust-lang/crates.io-index)",
]

[[package]]
name = "ckb-standalone-types"
version = "0.0.1-pre.1"
source = "registry+https://github.com/rust-lang/crates.io-index"
checksum = "af2cdbdf65ee5b1da71504f5a03d6984bce77d0b4b46daff63f4ba4a3b0eef08"
dependencies = [
 "cfg-if 0.1.10",
 "molecule",
]

[[package]]
name = "ckb-std"
version = "0.7.2"
source = "registry+https://github.com/rust-lang/crates.io-index"
checksum = "35e14bf64c694f078d6d33bad7e2b9a87d129d8b4e4c9a6cfc4364e2c6eddbd9"
dependencies = [
 "buddy-alloc",
 "cc",
 "ckb-standalone-types",
]

[[package]]
name = "ckb-std"
version = "0.7.2"
source = "git+https://github.com/nervosnetwork/ckb-std.git?branch=add-more-functions-on-since#d57d80c0eee9f08dd0c9331145210b4ddeaa7c1d"
dependencies = [
 "buddy-alloc",
 "cc",
 "ckb-standalone-types",
]

[[package]]
name = "custodian-lock"
version = "0.1.0"
dependencies = [
 "gw-common",
 "gw-types",
 "validator-utils",
]

[[package]]
name = "deposition-lock"
version = "0.1.0"
dependencies = [
 "blake2b-rs",
 "gw-types",
 "validator-utils",
]

[[package]]
name = "failure"
version = "0.1.8"
source = "registry+https://github.com/rust-lang/crates.io-index"
checksum = "d32e9bd16cc02eae7db7ef620b392808b89f6a5e16bb3497d159c6b92a0f4f86"
dependencies = [
 "backtrace",
 "failure_derive",
]

[[package]]
name = "failure_derive"
version = "0.1.8"
source = "registry+https://github.com/rust-lang/crates.io-index"
checksum = "aa4da3c766cd7a0db8242e326e9e4e081edd567072893ed320008189715366a4"
dependencies = [
 "proc-macro2",
 "quote",
 "syn",
 "synstructure",
]

[[package]]
name = "faster-hex"
version = "0.4.1"
source = "registry+https://github.com/rust-lang/crates.io-index"
checksum = "348138dd23e03bb0018caef99647fb1a5befec5ff4b501991de88f09854d4c28"

[[package]]
name = "gimli"
version = "0.23.0"
source = "registry+https://github.com/rust-lang/crates.io-index"
checksum = "f6503fe142514ca4799d4c26297c4248239fe8838d827db6bd6065c6ed29a6ce"

[[package]]
name = "gw-common"
version = "0.1.0"
dependencies = [
 "cfg-if 0.1.10",
 "gw-hash",
 "sparse-merkle-tree",
]

[[package]]
name = "gw-hash"
version = "0.1.0"
dependencies = [
 "blake2b-ref",
]

[[package]]
name = "gw-types"
version = "0.1.0"
dependencies = [
 "cfg-if 0.1.10",
 "ckb-fixed-hash",
 "gw-hash",
 "molecule",
]

[[package]]
name = "libc"
version = "0.2.81"
source = "registry+https://github.com/rust-lang/crates.io-index"
checksum = "1482821306169ec4d07f6aca392a4681f66c75c9918aa49641a2595db64053cb"

[[package]]
name = "miniz_oxide"
version = "0.4.3"
source = "registry+https://github.com/rust-lang/crates.io-index"
checksum = "0f2d26ec3309788e423cfbf68ad1800f061638098d76a83681af979dc4eda19d"
dependencies = [
 "adler",
 "autocfg",
]

[[package]]
name = "molecule"
version = "0.6.1"
source = "registry+https://github.com/rust-lang/crates.io-index"
checksum = "3067ceba3d7f5dcc7427cfc584fc506e756f1161151032fec840455f5a3c2fd5"
dependencies = [
 "cfg-if 0.1.10",
]

[[package]]
name = "object"
version = "0.22.0"
source = "registry+https://github.com/rust-lang/crates.io-index"
checksum = "8d3b63360ec3cb337817c2dbd47ab4a0f170d285d8e5a2064600f3def1402397"

[[package]]
name = "proc-macro2"
version = "1.0.24"
source = "registry+https://github.com/rust-lang/crates.io-index"
checksum = "1e0704ee1a7e00d7bb417d0770ea303c1bccbabf0ef1667dae92b5967f5f8a71"
dependencies = [
 "unicode-xid",
]

[[package]]
name = "quote"
version = "1.0.8"
source = "registry+https://github.com/rust-lang/crates.io-index"
checksum = "991431c3519a3f36861882da93630ce66b52918dcf1b8e2fd66b397fc96f28df"
dependencies = [
 "proc-macro2",
]

[[package]]
name = "rustc-demangle"
version = "0.1.18"
source = "registry+https://github.com/rust-lang/crates.io-index"
checksum = "6e3bad0ee36814ca07d7968269dd4b7ec89ec2da10c4bb613928d3077083c232"

[[package]]
name = "serde"
version = "1.0.118"
source = "registry+https://github.com/rust-lang/crates.io-index"
checksum = "06c64263859d87aa2eb554587e2d23183398d617427327cf2b3d0ed8c69e4800"
dependencies = [
 "serde_derive",
]

[[package]]
name = "serde_derive"
version = "1.0.118"
source = "registry+https://github.com/rust-lang/crates.io-index"
checksum = "c84d3526699cd55261af4b941e4e725444df67aa4f9e6a3564f18030d12672df"
dependencies = [
 "proc-macro2",
 "quote",
 "syn",
]

[[package]]
name = "sparse-merkle-tree"
version = "0.3.1-pre"
source = "registry+https://github.com/rust-lang/crates.io-index"
checksum = "319827f79e565c18099ef900023e7bcc3ebf8ca9ae8d5bf9b28df87f5ef19a34"
dependencies = [
 "cfg-if 0.1.10",
]

[[package]]
name = "state-validator"
version = "0.1.0"
dependencies = [
 "ckb-lib-secp256k1",
 "ckb-std 0.7.2 (registry+https://github.com/rust-lang/crates.io-index)",
 "gw-common",
 "gw-types",
]

[[package]]
name = "syn"
version = "1.0.55"
source = "registry+https://github.com/rust-lang/crates.io-index"
checksum = "a571a711dddd09019ccc628e1b17fe87c59b09d513c06c026877aa708334f37a"
dependencies = [
 "proc-macro2",
 "quote",
 "unicode-xid",
]

[[package]]
name = "synstructure"
version = "0.12.4"
source = "registry+https://github.com/rust-lang/crates.io-index"
checksum = "b834f2d66f734cb897113e34aaff2f1ab4719ca946f9a7358dba8f8064148701"
dependencies = [
 "proc-macro2",
 "quote",
 "syn",
 "unicode-xid",
]

[[package]]
name = "unicode-xid"
version = "0.2.1"
source = "registry+https://github.com/rust-lang/crates.io-index"
checksum = "f7fe0bb3479651439c9112f72b6c505038574c9fbb575ed1bf3b797fa39dd564"

[[package]]
name = "validator-utils"
version = "0.1.0"
dependencies = [
 "ckb-std 0.7.2 (git+https://github.com/nervosnetwork/ckb-std.git?branch=add-more-functions-on-since)",
 "gw-common",
 "gw-types",
]

[[package]]
name = "withdrawal-lock"
version = "0.1.0"
dependencies = [
 "gw-common",
 "gw-types",
 "validator-utils",
]
